
Microsoft Visual Studio Solution File, Format Version 12.00
# Visual Studio Version 17
VisualStudioVersion = 17.3.32922.545
MinimumVisualStudioVersion = 10.0.40219.1
Project("{FAE04EC0-301F-11D3-BF4B-00C04F79EFBC}") = "Main", "Main\Main.csproj", "{5811A111-4B81-43CB-B17B-79E9FE037980}"
EndProject
Project("{FAE04EC0-301F-11D3-BF4B-00C04F79EFBC}") = "Person", "Person\Person.csproj", "{A2252D86-160C-4894-92AE-6DEAA0E3F2CD}"
EndProject
Project("{FAE04EC0-301F-11D3-BF4B-00C04F79EFBC}") = "Owners", "Owners\Owners.csproj", "{0F62B653-FCF5-45C9-9A57-E3DAB7AE26A5}"
EndProject
Project("{FAE04EC0-301F-11D3-BF4B-00C04F79EFBC}") = "Marks", "Marks\Marks.csproj", "{687C21F2-5494-4377-BCC3-7A0BFECFF70B}"
EndProject
Project("{FAE04EC0-301F-11D3-BF4B-00C04F79EFBC}") = "Auto", "Auto\Auto.csproj", "{EC28D603-72DD-41AA-B857-23E047B47CD6}"
EndProject
Global
	GlobalSection(SolutionConfigurationPlatforms) = preSolution
		Debug|Any CPU = Debug|Any CPU
		Release|Any CPU = Release|Any CPU
	EndGlobalSection
	GlobalSection(ProjectConfigurationPlatforms) = postSolution
		{5811A111-4B81-43CB-B17B-79E9FE037980}.Debug|Any CPU.ActiveCfg = Debug|Any CPU
		{5811A111-4B81-43CB-B17B-79E9FE037980}.Debug|Any CPU.Build.0 = Debug|Any CPU
		{5811A111-4B81-43CB-B17B-79E9FE037980}.Release|Any CPU.ActiveCfg = Release|Any CPU
		{5811A111-4B81-43CB-B17B-79E9FE037980}.Release|Any CPU.Build.0 = Release|Any CPU
		{A2252D86-160C-4894-92AE-6DEAA0E3F2CD}.Debug|Any CPU.ActiveCfg = Debug|Any CPU
		{A2252D86-160C-4894-92AE-6DEAA0E3F2CD}.Debug|Any CPU.Build.0 = Debug|Any CPU
		{A2252D86-160C-4894-92AE-6DEAA0E3F2CD}.Release|Any CPU.ActiveCfg = Release|Any CPU
		{A2252D86-160C-4894-92AE-6DEAA0E3F2CD}.Release|Any CPU.Build.0 = Release|Any CPU
		{0F62B653-FCF5-45C9-9A57-E3DAB7AE26A5}.Debug|Any CPU.ActiveCfg = Debug|Any CPU
		{0F62B653-FCF5-45C9-9A57-E3DAB7AE26A5}.Debug|Any CPU.Build.0 = Debug|Any CPU
		{0F62B653-FCF5-45C9-9A57-E3DAB7AE26A5}.Release|Any CPU.ActiveCfg = Release|Any CPU
		{0F62B653-FCF5-45C9-9A57-E3DAB7AE26A5}.Release|Any CPU.Build.0 = Release|Any CPU
		{687C21F2-5494-4377-BCC3-7A0BFECFF70B}.Debug|Any CPU.ActiveCfg = Debug|Any CPU
		{687C21F2-5494-4377-BCC3-7A0BFECFF70B}.Debug|Any CPU.Build.0 = Debug|Any CPU
		{687C21F2-5494-4377-BCC3-7A0BFECFF70B}.Release|Any CPU.ActiveCfg = Release|Any CPU
		{687C21F2-5494-4377-BCC3-7A0BFECFF70B}.Release|Any CPU.Build.0 = Release|Any CPU
		{EC28D603-72DD-41AA-B857-23E047B47CD6}.Debug|Any CPU.ActiveCfg = Debug|Any CPU
		{EC28D603-72DD-41AA-B857-23E047B47CD6}.Debug|Any CPU.Build.0 = Debug|Any CPU
		{EC28D603-72DD-41AA-B857-23E047B47CD6}.Release|Any CPU.ActiveCfg = Release|Any CPU
		{EC28D603-72DD-41AA-B857-23E047B47CD6}.Release|Any CPU.Build.0 = Release|Any CPU
	EndGlobalSection
	GlobalSection(SolutionProperties) = preSolution
		HideSolutionNode = FALSE
	EndGlobalSection
	GlobalSection(ExtensibilityGlobals) = postSolution
		SolutionGuid = {BFC724B3-2456-4C5B-9B64-AE3CB0C6A045}
	EndGlobalSection
EndGlobal
