
Microsoft Visual Studio Solution File, Format Version 12.00
# Visual Studio Version 16
VisualStudioVersion = 16.0.31410.357
MinimumVisualStudioVersion = 10.0.40219.1
Project("{FAE04EC0-301F-11D3-BF4B-00C04F79EFBC}") = "Lab5", "Lab5\Lab5.csproj", "{2D0B978C-9668-4243-A4BA-36031F8B496B}"
EndProject
Global
	GlobalSection(SolutionConfigurationPlatforms) = preSolution
		Debug|Any CPU = Debug|Any CPU
		Release|Any CPU = Release|Any CPU
	EndGlobalSection
	GlobalSection(ProjectConfigurationPlatforms) = postSolution
		{2D0B978C-9668-4243-A4BA-36031F8B496B}.Debug|Any CPU.ActiveCfg = Debug|Any CPU
		{2D0B978C-9668-4243-A4BA-36031F8B496B}.Debug|Any CPU.Build.0 = Debug|Any CPU
		{2D0B978C-9668-4243-A4BA-36031F8B496B}.Release|Any CPU.ActiveCfg = Release|Any CPU
		{2D0B978C-9668-4243-A4BA-36031F8B496B}.Release|Any CPU.Build.0 = Release|Any CPU
	EndGlobalSection
	GlobalSection(SolutionProperties) = preSolution
		HideSolutionNode = FALSE
	EndGlobalSection
	GlobalSection(ExtensibilityGlobals) = postSolution
		SolutionGuid = {DF5F9C80-4395-4651-B063-ED2079522094}
	EndGlobalSection
EndGlobal
