
Microsoft Visual Studio Solution File, Format Version 12.00
# Visual Studio Version 16
VisualStudioVersion = 16.0.31410.357
MinimumVisualStudioVersion = 10.0.40219.1
Project("{FAE04EC0-301F-11D3-BF4B-00C04F79EFBC}") = "WPF", "WPF\WPF.csproj", "{A932B911-F83E-46F4-94F0-A370BE45E57F}"
EndProject
Global
	GlobalSection(SolutionConfigurationPlatforms) = preSolution
		Debug|Any CPU = Debug|Any CPU
		Release|Any CPU = Release|Any CPU
	EndGlobalSection
	GlobalSection(ProjectConfigurationPlatforms) = postSolution
		{A932B911-F83E-46F4-94F0-A370BE45E57F}.Debug|Any CPU.ActiveCfg = Debug|Any CPU
		{A932B911-F83E-46F4-94F0-A370BE45E57F}.Debug|Any CPU.Build.0 = Debug|Any CPU
		{A932B911-F83E-46F4-94F0-A370BE45E57F}.Release|Any CPU.ActiveCfg = Release|Any CPU
		{A932B911-F83E-46F4-94F0-A370BE45E57F}.Release|Any CPU.Build.0 = Release|Any CPU
	EndGlobalSection
	GlobalSection(SolutionProperties) = preSolution
		HideSolutionNode = FALSE
	EndGlobalSection
	GlobalSection(ExtensibilityGlobals) = postSolution
		SolutionGuid = {2C3A4B88-56C6-44D0-93A6-1D1707D9B5FF}
	EndGlobalSection
EndGlobal
